
Microsoft Visual Studio Solution File, Format Version 12.00
# Visual Studio Version 17
VisualStudioVersion = 17.4.33110.190
MinimumVisualStudioVersion = 10.0.40219.1
Project("{FAE04EC0-301F-11D3-BF4B-00C04F79EFBC}") = "AdsClientApp", "AdsClient\AdsClientApp.csproj", "{EB7BE3A5-C1E5-4207-A6A9-F9A7FE5F68D7}"
EndProject
Global
	GlobalSection(SolutionConfigurationPlatforms) = preSolution
		Debug|Any CPU = Debug|Any CPU
		Release|Any CPU = Release|Any CPU
	EndGlobalSection
	GlobalSection(ProjectConfigurationPlatforms) = postSolution
		{EB7BE3A5-C1E5-4207-A6A9-F9A7FE5F68D7}.Debug|Any CPU.ActiveCfg = Debug|Any CPU
		{EB7BE3A5-C1E5-4207-A6A9-F9A7FE5F68D7}.Debug|Any CPU.Build.0 = Debug|Any CPU
		{EB7BE3A5-C1E5-4207-A6A9-F9A7FE5F68D7}.Release|Any CPU.ActiveCfg = Release|Any CPU
		{EB7BE3A5-C1E5-4207-A6A9-F9A7FE5F68D7}.Release|Any CPU.Build.0 = Release|Any CPU
	EndGlobalSection
	GlobalSection(SolutionProperties) = preSolution
		HideSolutionNode = FALSE
	EndGlobalSection
	GlobalSection(ExtensibilityGlobals) = postSolution
		SolutionGuid = {F475E30A-8A0C-47A0-AC15-9F822E509521}
	EndGlobalSection
EndGlobal
